
Microsoft Visual Studio Solution File, Format Version 12.00
# Visual Studio Version 17
VisualStudioVersion = 17.1.32328.378
MinimumVisualStudioVersion = 10.0.40219.1
Project("{888888A0-9F3D-457C-B088-3A5042F75D52}") = "retro games console", "retro games console.pyproj", "{ACD8183F-0D22-44BD-9D82-3505B64CF5E2}"
EndProject
Global
	GlobalSection(SolutionConfigurationPlatforms) = preSolution
		Debug|Any CPU = Debug|Any CPU
		Release|Any CPU = Release|Any CPU
	EndGlobalSection
	GlobalSection(ProjectConfigurationPlatforms) = postSolution
		{ACD8183F-0D22-44BD-9D82-3505B64CF5E2}.Debug|Any CPU.ActiveCfg = Debug|Any CPU
		{ACD8183F-0D22-44BD-9D82-3505B64CF5E2}.Release|Any CPU.ActiveCfg = Release|Any CPU
	EndGlobalSection
	GlobalSection(SolutionProperties) = preSolution
		HideSolutionNode = FALSE
	EndGlobalSection
	GlobalSection(ExtensibilityGlobals) = postSolution
		SolutionGuid = {0C568FEC-7C5A-4986-A289-4BADFE08D278}
	EndGlobalSection
EndGlobal
